
Microsoft Visual Studio Solution File, Format Version 12.00
# Visual Studio Version 17
VisualStudioVersion = 17.5.33414.496
MinimumVisualStudioVersion = 10.0.40219.1
Project("{FAE04EC0-301F-11D3-BF4B-00C04F79EFBC}") = "DataToSqlLib", "DataToSqlLib\DataToSqlLib.csproj", "{9F0DF890-05B9-4943-BD59-B499AF5C18A2}"
EndProject
Global
	GlobalSection(SolutionConfigurationPlatforms) = preSolution
		Debug|Any CPU = Debug|Any CPU
		Release|Any CPU = Release|Any CPU
	EndGlobalSection
	GlobalSection(ProjectConfigurationPlatforms) = postSolution
		{9F0DF890-05B9-4943-BD59-B499AF5C18A2}.Debug|Any CPU.ActiveCfg = Debug|Any CPU
		{9F0DF890-05B9-4943-BD59-B499AF5C18A2}.Debug|Any CPU.Build.0 = Debug|Any CPU
		{9F0DF890-05B9-4943-BD59-B499AF5C18A2}.Release|Any CPU.ActiveCfg = Release|Any CPU
		{9F0DF890-05B9-4943-BD59-B499AF5C18A2}.Release|Any CPU.Build.0 = Release|Any CPU
	EndGlobalSection
	GlobalSection(SolutionProperties) = preSolution
		HideSolutionNode = FALSE
	EndGlobalSection
	GlobalSection(ExtensibilityGlobals) = postSolution
		SolutionGuid = {A13F938E-0740-4E97-9B4A-976C80B0611B}
	EndGlobalSection
EndGlobal
